// !$*UTF8*$!
{
	archiveVersion = 1;
	classes = {
	};
	objectVersion = 48;
	objects = {

/* Begin PBXBuildFile section */
		AE82EF452080751C0020DC6C /* AppDelegate.swift in Sources */ = {isa = PBXBuildFile; fileRef = AE82EF442080751C0020DC6C /* AppDelegate.swift */; };
		AE82EF472080751C0020DC6C /* ViewController.swift in Sources */ = {isa = PBXBuildFile; fileRef = AE82EF462080751C0020DC6C /* ViewController.swift */; };
		AE82EF4A2080751C0020DC6C /* Main.storyboard in Resources */ = {isa = PBXBuildFile; fileRef = AE82EF482080751C0020DC6C /* Main.storyboard */; };
		AE82EF4C2080751C0020DC6C /* Assets.xcassets in Resources */ = {isa = PBXBuildFile; fileRef = AE82EF4B2080751C0020DC6C /* Assets.xcassets */; };
		AE82EF4F2080751C0020DC6C /* LaunchScreen.storyboard in Resources */ = {isa = PBXBuildFile; fileRef = AE82EF4D2080751C0020DC6C /* LaunchScreen.storyboard */; };
		AE82EF5A2080751C0020DC6C /* BarabaraGameTests.swift in Sources */ = {isa = PBXBuildFile; fileRef = AE82EF592080751C0020DC6C /* BarabaraGameTests.swift */; };
		AE82EF652080751C0020DC6C /* BarabaraGameUITests.swift in Sources */ = {isa = PBXBuildFile; fileRef = AE82EF642080751C0020DC6C /* BarabaraGameUITests.swift */; };
/* End PBXBuildFile section */

/* Begin PBXContainerItemProxy section */
		AE82EF562080751C0020DC6C /* PBXContainerItemProxy */ = {
			isa = PBXContainerItemProxy;
			containerPortal = AE82EF392080751C0020DC6C /* Project object */;
			proxyType = 1;
			remoteGlobalIDString = AE82EF402080751C0020DC6C;
			remoteInfo = BarabaraGame;
		};
		AE82EF612080751C0020DC6C /* PBXContainerItemProxy */ = {
			isa = PBXContainerItemProxy;
			containerPortal = AE82EF392080751C0020DC6C /* Project object */;
			proxyType = 1;
			remoteGlobalIDString = AE82EF402080751C0020DC6C;
			remoteInfo = BarabaraGame;
		};
/* End PBXContainerItemProxy section */

/* Begin PBXFileReference section */
		AE82EF412080751C0020DC6C /* BarabaraGame.app */ = {isa = PBXFileReference; explicitFileType = wrapper.application; includeInIndex = 0; path = BarabaraGame.app; sourceTree = BUILT_PRODUCTS_DIR; };
		AE82EF442080751C0020DC6C /* AppDelegate.swift */ = {isa = PBXFileReference; lastKnownFileType = sourcecode.swift; path = AppDelegate.swift; sourceTree = "<group>"; };
		AE82EF462080751C0020DC6C /* ViewController.swift */ = {isa = PBXFileReference; lastKnownFileType = sourcecode.swift; path = ViewController.swift; sourceTree = "<group>"; };
		AE82EF492080751C0020DC6C /* Base */ = {isa = PBXFileReference; lastKnownFileType = file.storyboard; name = Base; path = Base.lproj/Main.storyboard; sourceTree = "<group>"; };
		AE82EF4B2080751C0020DC6C /* Assets.xcassets */ = {isa = PBXFileReference; lastKnownFileType = folder.assetcatalog; path = Assets.xcassets; sourceTree = "<group>"; };
		AE82EF4E2080751C0020DC6C /* Base */ = {isa = PBXFileReference; lastKnownFileType = file.storyboard; name = Base; path = Base.lproj/LaunchScreen.storyboard; sourceTree = "<group>"; };
		AE82EF502080751C0020DC6C /* Info.plist */ = {isa = PBXFileReference; lastKnownFileType = text.plist.xml; path = Info.plist; sourceTree = "<group>"; };
		AE82EF552080751C0020DC6C /* BarabaraGameTests.xctest */ = {isa = PBXFileReference; explicitFileType = wrapper.cfbundle; includeInIndex = 0; path = BarabaraGameTests.xctest; sourceTree = BUILT_PRODUCTS_DIR; };
		AE82EF592080751C0020DC6C /* BarabaraGameTests.swift */ = {isa = PBXFileReference; lastKnownFileType = sourcecode.swift; path = BarabaraGameTests.swift; sourceTree = "<group>"; };
		AE82EF5B2080751C0020DC6C /* Info.plist */ = {isa = PBXFileReference; lastKnownFileType = text.plist.xml; path = Info.plist; sourceTree = "<group>"; };
		AE82EF602080751C0020DC6C /* BarabaraGameUITests.xctest */ = {isa = PBXFileReference; explicitFileType = wrapper.cfbundle; includeInIndex = 0; path = BarabaraGameUITests.xctest; sourceTree = BUILT_PRODUCTS_DIR; };
		AE82EF642080751C0020DC6C /* BarabaraGameUITests.swift */ = {isa = PBXFileReference; lastKnownFileType = sourcecode.swift; path = BarabaraGameUITests.swift; sourceTree = "<group>"; };
		AE82EF662080751C0020DC6C /* Info.plist */ = {isa = PBXFileReference; lastKnownFileType = text.plist.xml; path = Info.plist; sourceTree = "<group>"; };
/* End PBXFileReference section */

/* Begin PBXFrameworksBuildPhase section */
		AE82EF3E2080751C0020DC6C /* Frameworks */ = {
			isa = PBXFrameworksBuildPhase;
			buildActionMask = 2147483647;
			files = (
			);
			runOnlyForDeploymentPostprocessing = 0;
		};
		AE82EF522080751C0020DC6C /* Frameworks */ = {
			isa = PBXFrameworksBuildPhase;
			buildActionMask = 2147483647;
			files = (
			);
			runOnlyForDeploymentPostprocessing = 0;
		};
		AE82EF5D2080751C0020DC6C /* Frameworks */ = {
			isa = PBXFrameworksBuildPhase;
			buildActionMask = 2147483647;
			files = (
			);
			runOnlyForDeploymentPostprocessing = 0;
		};
/* End PBXFrameworksBuildPhase section */

/* Begin PBXGroup section */
		AE82EF382080751C0020DC6C = {
			isa = PBXGroup;
			children = (
				AE82EF432080751C0020DC6C /* BarabaraGame */,
				AE82EF582080751C0020DC6C /* BarabaraGameTests */,
				AE82EF632080751C0020DC6C /* BarabaraGameUITests */,
				AE82EF422080751C0020DC6C /* Products */,
			);
			sourceTree = "<group>";
		};
		AE82EF422080751C0020DC6C /* Products */ = {
			isa = PBXGroup;
			children = (
				AE82EF412080751C0020DC6C /* BarabaraGame.app */,
				AE82EF552080751C0020DC6C /* BarabaraGameTests.xctest */,
				AE82EF602080751C0020DC6C /* BarabaraGameUITests.xctest */,
			);
			name = Products;
			sourceTree = "<group>";
		};
		AE82EF432080751C0020DC6C /* BarabaraGame */ = {
			isa = PBXGroup;
			children = (
				AE82EF442080751C0020DC6C /* AppDelegate.swift */,
				AE82EF462080751C0020DC6C /* ViewController.swift */,
				AE82EF482080751C0020DC6C /* Main.storyboard */,
				AE82EF4B2080751C0020DC6C /* Assets.xcassets */,
				AE82EF4D2080751C0020DC6C /* LaunchScreen.storyboard */,
				AE82EF502080751C0020DC6C /* Info.plist */,
			);
			path = BarabaraGame;
			sourceTree = "<group>";
		};
		AE82EF582080751C0020DC6C /* BarabaraGameTests */ = {
			isa = PBXGroup;
			children = (
				AE82EF592080751C0020DC6C /* BarabaraGameTests.swift */,
				AE82EF5B2080751C0020DC6C /* Info.plist */,
			);
			path = BarabaraGameTests;
			sourceTree = "<group>";
		};
		AE82EF632080751C0020DC6C /* BarabaraGameUITests */ = {
			isa = PBXGroup;
			children = (
				AE82EF642080751C0020DC6C /* BarabaraGameUITests.swift */,
				AE82EF662080751C0020DC6C /* Info.plist */,
			);
			path = BarabaraGameUITests;
			sourceTree = "<group>";
		};
/* End PBXGroup section */

/* Begin PBXNativeTarget section */
		AE82EF402080751C0020DC6C /* BarabaraGame */ = {
			isa = PBXNativeTarget;
			buildConfigurationList = AE82EF692080751C0020DC6C /* Build configuration list for PBXNativeTarget "BarabaraGame" */;
			buildPhases = (
				AE82EF3D2080751C0020DC6C /* Sources */,
				AE82EF3E2080751C0020DC6C /* Frameworks */,
				AE82EF3F2080751C0020DC6C /* Resources */,
			);
			buildRules = (
			);
			dependencies = (
			);
			name = BarabaraGame;
			productName = BarabaraGame;
			productReference = AE82EF412080751C0020DC6C /* BarabaraGame.app */;
			productType = "com.apple.product-type.application";
		};
		AE82EF542080751C0020DC6C /* BarabaraGameTests */ = {
			isa = PBXNativeTarget;
			buildConfigurationList = AE82EF6C2080751C0020DC6C /* Build configuration list for PBXNativeTarget "BarabaraGameTests" */;
			buildPhases = (
				AE82EF512080751C0020DC6C /* Sources */,
				AE82EF522080751C0020DC6C /* Frameworks */,
				AE82EF532080751C0020DC6C /* Resources */,
			);
			buildRules = (
			);
			dependencies = (
				AE82EF572080751C0020DC6C /* PBXTargetDependency */,
			);
			name = BarabaraGameTests;
			productName = BarabaraGameTests;
			productReference = AE82EF552080751C0020DC6C /* BarabaraGameTests.xctest */;
			productType = "com.apple.product-type.bundle.unit-test";
		};
		AE82EF5F2080751C0020DC6C /* BarabaraGameUITests */ = {
			isa = PBXNativeTarget;
			buildConfigurationList = AE82EF6F2080751C0020DC6C /* Build configuration list for PBXNativeTarget "BarabaraGameUITests" */;
			buildPhases = (
				AE82EF5C2080751C0020DC6C /* Sources */,
				AE82EF5D2080751C0020DC6C /* Frameworks */,
				AE82EF5E2080751C0020DC6C /* Resources */,
			);
			buildRules = (
			);
			dependencies = (
				AE82EF622080751C0020DC6C /* PBXTargetDependency */,
			);
			name = BarabaraGameUITests;
			productName = BarabaraGameUITests;
			productReference = AE82EF602080751C0020DC6C /* BarabaraGameUITests.xctest */;
			productType = "com.apple.product-type.bundle.ui-testing";
		};
/* End PBXNativeTarget section */

/* Begin PBXProject section */
		AE82EF392080751C0020DC6C /* Project object */ = {
			isa = PBXProject;
			attributes = {
				LastSwiftUpdateCheck = 0920;
				LastUpgradeCheck = 0920;
				ORGANIZATIONNAME = "Life is Tech!";
				TargetAttributes = {
					AE82EF402080751C0020DC6C = {
						CreatedOnToolsVersion = 9.2;
						ProvisioningStyle = Automatic;
					};
					AE82EF542080751C0020DC6C = {
						CreatedOnToolsVersion = 9.2;
						ProvisioningStyle = Automatic;
						TestTargetID = AE82EF402080751C0020DC6C;
					};
					AE82EF5F2080751C0020DC6C = {
						CreatedOnToolsVersion = 9.2;
						ProvisioningStyle = Automatic;
						TestTargetID = AE82EF402080751C0020DC6C;
					};
				};
			};
			buildConfigurationList = AE82EF3C2080751C0020DC6C /* Build configuration list for PBXProject "BarabaraGame" */;
			compatibilityVersion = "Xcode 8.0";
			developmentRegion = en;
			hasScannedForEncodings = 0;
			knownRegions = (
				en,
				Base,
			);
			mainGroup = AE82EF382080751C0020DC6C;
			productRefGroup = AE82EF422080751C0020DC6C /* Products */;
			projectDirPath = "";
			projectRoot = "";
			targets = (
				AE82EF402080751C0020DC6C /* BarabaraGame */,
				AE82EF542080751C0020DC6C /* BarabaraGameTests */,
				AE82EF5F2080751C0020DC6C /* BarabaraGameUITests */,
			);
		};
/* End PBXProject section */

/* Begin PBXResourcesBuildPhase section */
		AE82EF3F2080751C0020DC6C /* Resources */ = {
			isa = PBXResourcesBuildPhase;
			buildActionMask = 2147483647;
			files = (
				AE82EF4F2080751C0020DC6C /* LaunchScreen.storyboard in Resources */,
				AE82EF4C2080751C0020DC6C /* Assets.xcassets in Resources */,
				AE82EF4A2080751C0020DC6C /* Main.storyboard in Resources */,
			);
			runOnlyForDeploymentPostprocessing = 0;
		};
		AE82EF532080751C0020DC6C /* Resources */ = {
			isa = PBXResourcesBuildPhase;
			buildActionMask = 2147483647;
			files = (
			);
			runOnlyForDeploymentPostprocessing = 0;
		};
		AE82EF5E2080751C0020DC6C /* Resources */ = {
			isa = PBXResourcesBuildPhase;
			buildActionMask = 2147483647;
			files = (
			);
			runOnlyForDeploymentPostprocessing = 0;
		};
/* End PBXResourcesBuildPhase section */

/* Begin PBXSourcesBuildPhase section */
		AE82EF3D2080751C0020DC6C /* Sources */ = {
			isa = PBXSourcesBuildPhase;
			buildActionMask = 2147483647;
			files = (
				AE82EF472080751C0020DC6C /* ViewController.swift in Sources */,
				AE82EF452080751C0020DC6C /* AppDelegate.swift in Sources */,
			);
			runOnlyForDeploymentPostprocessing = 0;
		};
		AE82EF512080751C0020DC6C /* Sources */ = {
			isa = PBXSourcesBuildPhase;
			buildActionMask = 2147483647;
			files = (
				AE82EF5A2080751C0020DC6C /* BarabaraGameTests.swift in Sources */,
			);
			runOnlyForDeploymentPostprocessing = 0;
		};
		AE82EF5C2080751C0020DC6C /* Sources */ = {
			isa = PBXSourcesBuildPhase;
			buildActionMask = 2147483647;
			files = (
				AE82EF652080751C0020DC6C /* BarabaraGameUITests.swift in Sources */,
			);
			runOnlyForDeploymentPostprocessing = 0;
		};
/* End PBXSourcesBuildPhase section */

/* Begin PBXTargetDependency section */
		AE82EF572080751C0020DC6C /* PBXTargetDependency */ = {
			isa = PBXTargetDependency;
			target = AE82EF402080751C0020DC6C /* BarabaraGame */;
			targetProxy = AE82EF562080751C0020DC6C /* PBXContainerItemProxy */;
		};
		AE82EF622080751C0020DC6C /* PBXTargetDependency */ = {
			isa = PBXTargetDependency;
			target = AE82EF402080751C0020DC6C /* BarabaraGame */;
			targetProxy = AE82EF612080751C0020DC6C /* PBXContainerItemProxy */;
		};
/* End PBXTargetDependency section */

/* Begin PBXVariantGroup section */
		AE82EF482080751C0020DC6C /* Main.storyboard */ = {
			isa = PBXVariantGroup;
			children = (
				AE82EF492080751C0020DC6C /* Base */,
			);
			name = Main.storyboard;
			sourceTree = "<group>";
		};
		AE82EF4D2080751C0020DC6C /* LaunchScreen.storyboard */ = {
			isa = PBXVariantGroup;
			children = (
				AE82EF4E2080751C0020DC6C /* Base */,
			);
			name = LaunchScreen.storyboard;
			sourceTree = "<group>";
		};
/* End PBXVariantGroup section */

/* Begin XCBuildConfiguration section */
		AE82EF672080751C0020DC6C /* Debug */ = {
			isa = XCBuildConfiguration;
			buildSettings = {
				ALWAYS_SEARCH_USER_PATHS = NO;
				CLANG_ANALYZER_NONNULL = YES;
				CLANG_ANALYZER_NUMBER_OBJECT_CONVERSION = YES_AGGRESSIVE;
				CLANG_CXX_LANGUAGE_STANDARD = "gnu++14";
				CLANG_CXX_LIBRARY = "libc++";
				CLANG_ENABLE_MODULES = YES;
				CLANG_ENABLE_OBJC_ARC = YES;
				CLANG_WARN_BLOCK_CAPTURE_AUTORELEASING = YES;
				CLANG_WARN_BOOL_CONVERSION = YES;
				CLANG_WARN_COMMA = YES;
				CLANG_WARN_CONSTANT_CONVERSION = YES;
				CLANG_WARN_DIRECT_OBJC_ISA_USAGE = YES_ERROR;
				CLANG_WARN_DOCUMENTATION_COMMENTS = YES;
				CLANG_WARN_EMPTY_BODY = YES;
				CLANG_WARN_ENUM_CONVERSION = YES;
				CLANG_WARN_INFINITE_RECURSION = YES;
				CLANG_WARN_INT_CONVERSION = YES;
				CLANG_WARN_NON_LITERAL_NULL_CONVERSION = YES;
				CLANG_WARN_OBJC_LITERAL_CONVERSION = YES;
				CLANG_WARN_OBJC_ROOT_CLASS = YES_ERROR;
				CLANG_WARN_RANGE_LOOP_ANALYSIS = YES;
				CLANG_WARN_STRICT_PROTOTYPES = YES;
				CLANG_WARN_SUSPICIOUS_MOVE = YES;
				CLANG_WARN_UNGUARDED_AVAILABILITY = YES_AGGRESSIVE;
				CLANG_WARN_UNREACHABLE_CODE = YES;
				CLANG_WARN__DUPLICATE_METHOD_MATCH = YES;
				CODE_SIGN_IDENTITY = "iPhone Developer";
				COPY_PHASE_STRIP = NO;
				DEBUG_INFORMATION_FORMAT = dwarf;
				ENABLE_STRICT_OBJC_MSGSEND = YES;
				ENABLE_TESTABILITY = YES;
				GCC_C_LANGUAGE_STANDARD = gnu11;
				GCC_DYNAMIC_NO_PIC = NO;
				GCC_NO_COMMON_BLOCKS = YES;
				GCC_OPTIMIZATION_LEVEL = 0;
				GCC_PREPROCESSOR_DEFINITIONS = (
					"DEBUG=1",
					"$(inherited)",
				);
				GCC_WARN_64_TO_32_BIT_CONVERSION = YES;
				GCC_WARN_ABOUT_RETURN_TYPE = YES_ERROR;
				GCC_WARN_UNDECLARED_SELECTOR = YES;
				GCC_WARN_UNINITIALIZED_AUTOS = YES_AGGRESSIVE;
				GCC_WARN_UNUSED_FUNCTION = YES;
				GCC_WARN_UNUSED_VARIABLE = YES;
				IPHONEOS_DEPLOYMENT_TARGET = 11.2;
				MTL_ENABLE_DEBUG_INFO = YES;
				ONLY_ACTIVE_ARCH = YES;
				SDKROOT = iphoneos;
				SWIFT_ACTIVE_COMPILATION_CONDITIONS = DEBUG;
				SWIFT_OPTIMIZATION_LEVEL = "-Onone";
			};
			name = Debug;
		};
		AE82EF682080751C0020DC6C /* Release */ = {
			isa = XCBuildConfiguration;
			buildSettings = {
				ALWAYS_SEARCH_USER_PATHS = NO;
				CLANG_ANALYZER_NONNULL = YES;
				CLANG_ANALYZER_NUMBER_OBJECT_CONVERSION = YES_AGGRESSIVE;
				CLANG_CXX_LANGUAGE_STANDARD = "gnu++14";
				CLANG_CXX_LIBRARY = "libc++";
				CLANG_ENABLE_MODULES = YES;
				CLANG_ENABLE_OBJC_ARC = YES;
				CLANG_WARN_BLOCK_CAPTURE_AUTORELEASING = YES;
				CLANG_WARN_BOOL_CONVERSION = YES;
				CLANG_WARN_COMMA = YES;
				CLANG_WARN_CONSTANT_CONVERSION = YES;
				CLANG_WARN_DIRECT_OBJC_ISA_USAGE = YES_ERROR;
				CLANG_WARN_DOCUMENTATION_COMMENTS = YES;
				CLANG_WARN_EMPTY_BODY = YES;
				CLANG_WARN_ENUM_CONVERSION = YES;
				CLANG_WARN_INFINITE_RECURSION = YES;
				CLANG_WARN_INT_CONVERSION = YES;
				CLANG_WARN_NON_LITERAL_NULL_CONVERSION = YES;
				CLANG_WARN_OBJC_LITERAL_CONVERSION = YES;
				CLANG_WARN_OBJC_ROOT_CLASS = YES_ERROR;
				CLANG_WARN_RANGE_LOOP_ANALYSIS = YES;
				CLANG_WARN_STRICT_PROTOTYPES = YES;
				CLANG_WARN_SUSPICIOUS_MOVE = YES;
				CLANG_WARN_UNGUARDED_AVAILABILITY = YES_AGGRESSIVE;
				CLANG_WARN_UNREACHABLE_CODE = YES;
				CLANG_WARN__DUPLICATE_METHOD_MATCH = YES;
				CODE_SIGN_IDENTITY = "iPhone Developer";
				COPY_PHASE_STRIP = NO;
				DEBUG_INFORMATION_FORMAT = "dwarf-with-dsym";
				ENABLE_NS_ASSERTIONS = NO;
				ENABLE_STRICT_OBJC_MSGSEND = YES;
				GCC_C_LANGUAGE_STANDARD = gnu11;
				GCC_NO_COMMON_BLOCKS = YES;
				GCC_WARN_64_TO_32_BIT_CONVERSION = YES;
				GCC_WARN_ABOUT_RETURN_TYPE = YES_ERROR;
				GCC_WARN_UNDECLARED_SELECTOR = YES;
				GCC_WARN_UNINITIALIZED_AUTOS = YES_AGGRESSIVE;
				GCC_WARN_UNUSED_FUNCTION = YES;
				GCC_WARN_UNUSED_VARIABLE = YES;
				IPHONEOS_DEPLOYMENT_TARGET = 11.2;
				MTL_ENABLE_DEBUG_INFO = NO;
				SDKROOT = iphoneos;
				SWIFT_OPTIMIZATION_LEVEL = "-Owholemodule";
				VALIDATE_PRODUCT = YES;
			};
			name = Release;
		};
		AE82EF6A2080751C0020DC6C /* Debug */ = {
			isa = XCBuildConfiguration;
			buildSettings = {
				ASSETCATALOG_COMPILER_APPICON_NAME = AppIcon;
				CODE_SIGN_STYLE = Automatic;
				INFOPLIST_FILE = BarabaraGame/Info.plist;
				LD_RUNPATH_SEARCH_PATHS = "$(inherited) @executable_path/Frameworks";
				PRODUCT_BUNDLE_IDENTIFIER = com.litech.BarabaraGame;
				PRODUCT_NAME = "$(TARGET_NAME)";
				SWIFT_VERSION = 4.0;
				TARGETED_DEVICE_FAMILY = "1,2";
			};
			name = Debug;
		};
		AE82EF6B2080751C0020DC6C /* Release */ = {
			isa = XCBuildConfiguration;
			buildSettings = {
				ASSETCATALOG_COMPILER_APPICON_NAME = AppIcon;
				CODE_SIGN_STYLE = Automatic;
				INFOPLIST_FILE = BarabaraGame/Info.plist;
				LD_RUNPATH_SEARCH_PATHS = "$(inherited) @executable_path/Frameworks";
				PRODUCT_BUNDLE_IDENTIFIER = com.litech.BarabaraGame;
				PRODUCT_NAME = "$(TARGET_NAME)";
				SWIFT_VERSION = 4.0;
				TARGETED_DEVICE_FAMILY = "1,2";
			};
			name = Release;
		};
		AE82EF6D2080751C0020DC6C /* Debug */ = {
			isa = XCBuildConfiguration;
			buildSettings = {
				ALWAYS_EMBED_SWIFT_STANDARD_LIBRARIES = YES;
				BUNDLE_LOADER = "$(TEST_HOST)";
				CODE_SIGN_STYLE = Automatic;
				INFOPLIST_FILE = BarabaraGameTests/Info.plist;
				LD_RUNPATH_SEARCH_PATHS = "$(inherited) @executable_path/Frameworks @loader_path/Frameworks";
				PRODUCT_BUNDLE_IDENTIFIER = com.litech.BarabaraGameTests;
				PRODUCT_NAME = "$(TARGET_NAME)";
				SWIFT_VERSION = 4.0;
				TARGETED_DEVICE_FAMILY = "1,2";
				TEST_HOST = "$(BUILT_PRODUCTS_DIR)/BarabaraGame.app/BarabaraGame";
			};
			name = Debug;
		};
		AE82EF6E2080751C0020DC6C /* Release */ = {
			isa = XCBuildConfiguration;
			buildSettings = {
				ALWAYS_EMBED_SWIFT_STANDARD_LIBRARIES = YES;
				BUNDLE_LOADER = "$(TEST_HOST)";
				CODE_SIGN_STYLE = Automatic;
				INFOPLIST_FILE = BarabaraGameTests/Info.plist;
				LD_RUNPATH_SEARCH_PATHS = "$(inherited) @executable_path/Frameworks @loader_path/Frameworks";
				PRODUCT_BUNDLE_IDENTIFIER = com.litech.BarabaraGameTests;
				PRODUCT_NAME = "$(TARGET_NAME)";
				SWIFT_VERSION = 4.0;
				TARGETED_DEVICE_FAMILY = "1,2";
				TEST_HOST = "$(BUILT_PRODUCTS_DIR)/BarabaraGame.app/BarabaraGame";
			};
			name = Release;
		};
		AE82EF702080751C0020DC6C /* Debug */ = {
			isa = XCBuildConfiguration;
			buildSettings = {
				ALWAYS_EMBED_SWIFT_STANDARD_LIBRARIES = YES;
				CODE_SIGN_STYLE = Automatic;
				INFOPLIST_FILE = BarabaraGameUITests/Info.plist;
				LD_RUNPATH_SEARCH_PATHS = "$(inherited) @executable_path/Frameworks @loader_path/Frameworks";
				PRODUCT_BUNDLE_IDENTIFIER = com.litech.BarabaraGameUITests;
				PRODUCT_NAME = "$(TARGET_NAME)";
				SWIFT_VERSION = 4.0;
				TARGETED_DEVICE_FAMILY = "1,2";
				TEST_TARGET_NAME = BarabaraGame;
			};
			name = Debug;
		};
		AE82EF712080751C0020DC6C /* Release */ = {
			isa = XCBuildConfiguration;
			buildSettings = {
				ALWAYS_EMBED_SWIFT_STANDARD_LIBRARIES = YES;
				CODE_SIGN_STYLE = Automatic;
				INFOPLIST_FILE = BarabaraGameUITests/Info.plist;
				LD_RUNPATH_SEARCH_PATHS = "$(inherited) @executable_path/Frameworks @loader_path/Frameworks";
				PRODUCT_BUNDLE_IDENTIFIER = com.litech.BarabaraGameUITests;
				PRODUCT_NAME = "$(TARGET_NAME)";
				SWIFT_VERSION = 4.0;
				TARGETED_DEVICE_FAMILY = "1,2";
				TEST_TARGET_NAME = BarabaraGame;
			};
			name = Release;
		};
/* End XCBuildConfiguration section */

/* Begin XCConfigurationList section */
		AE82EF3C2080751C0020DC6C /* Build configuration list for PBXProject "BarabaraGame" */ = {
			isa = XCConfigurationList;
			buildConfigurations = (
				AE82EF672080751C0020DC6C /* Debug */,
				AE82EF682080751C0020DC6C /* Release */,
			);
			defaultConfigurationIsVisible = 0;
			defaultConfigurationName = Release;
		};
		AE82EF692080751C0020DC6C /* Build configuration list for PBXNativeTarget "BarabaraGame" */ = {
			isa = XCConfigurationList;
			buildConfigurations = (
				AE82EF6A2080751C0020DC6C /* Debug */,
				AE82EF6B2080751C0020DC6C /* Release */,
			);
			defaultConfigurationIsVisible = 0;
			defaultConfigurationName = Release;
		};
		AE82EF6C2080751C0020DC6C /* Build configuration list for PBXNativeTarget "BarabaraGameTests" */ = {
			isa = XCConfigurationList;
			buildConfigurations = (
				AE82EF6D2080751C0020DC6C /* Debug */,
				AE82EF6E2080751C0020DC6C /* Release */,
			);
			defaultConfigurationIsVisible = 0;
			defaultConfigurationName = Release;
		};
		AE82EF6F2080751C0020DC6C /* Build configuration list for PBXNativeTarget "BarabaraGameUITests" */ = {
			isa = XCConfigurationList;
			buildConfigurations = (
				AE82EF702080751C0020DC6C /* Debug */,
				AE82EF712080751C0020DC6C /* Release */,
			);
			defaultConfigurationIsVisible = 0;
			defaultConfigurationName = Release;
		};
/* End XCConfigurationList section */
	};
	rootObject = AE82EF392080751C0020DC6C /* Project object */;
}
